
Microsoft Visual Studio Solution File, Format Version 12.00
# Visual Studio Version 17
VisualStudioVersion = 17.0.31903.59
MinimumVisualStudioVersion = 10.0.40219.1
Project("{FAE04EC0-301F-11D3-BF4B-00C04F79EFBC}") = "AWF.Repository", "AWF.Repository\AWF.Repository.csproj", "{84A082E9-D9FB-496C-8748-6A2CB30D8EDB}"
EndProject
Project("{FAE04EC0-301F-11D3-BF4B-00C04F79EFBC}") = "AWF.Services", "AWF.Services\AWF.Services.csproj", "{8198D3A3-2A7B-4A86-9179-062627D1D0E8}"
EndProject
Project("{FAE04EC0-301F-11D3-BF4B-00C04F79EFBC}") = "AWF.Presentation", "AWF.Presentation\AWF.Presentation.csproj", "{347CEFEA-8313-49BB-98D0-CA283F424322}"
EndProject
Global
	GlobalSection(SolutionConfigurationPlatforms) = preSolution
		Debug|Any CPU = Debug|Any CPU
		Release|Any CPU = Release|Any CPU
	EndGlobalSection
	GlobalSection(SolutionProperties) = preSolution
		HideSolutionNode = FALSE
	EndGlobalSection
	GlobalSection(ProjectConfigurationPlatforms) = postSolution
		{84A082E9-D9FB-496C-8748-6A2CB30D8EDB}.Debug|Any CPU.ActiveCfg = Debug|Any CPU
		{84A082E9-D9FB-496C-8748-6A2CB30D8EDB}.Debug|Any CPU.Build.0 = Debug|Any CPU
		{84A082E9-D9FB-496C-8748-6A2CB30D8EDB}.Release|Any CPU.ActiveCfg = Release|Any CPU
		{84A082E9-D9FB-496C-8748-6A2CB30D8EDB}.Release|Any CPU.Build.0 = Release|Any CPU
		{8198D3A3-2A7B-4A86-9179-062627D1D0E8}.Debug|Any CPU.ActiveCfg = Debug|Any CPU
		{8198D3A3-2A7B-4A86-9179-062627D1D0E8}.Debug|Any CPU.Build.0 = Debug|Any CPU
		{8198D3A3-2A7B-4A86-9179-062627D1D0E8}.Release|Any CPU.ActiveCfg = Release|Any CPU
		{8198D3A3-2A7B-4A86-9179-062627D1D0E8}.Release|Any CPU.Build.0 = Release|Any CPU
		{347CEFEA-8313-49BB-98D0-CA283F424322}.Debug|Any CPU.ActiveCfg = Debug|Any CPU
		{347CEFEA-8313-49BB-98D0-CA283F424322}.Debug|Any CPU.Build.0 = Debug|Any CPU
		{347CEFEA-8313-49BB-98D0-CA283F424322}.Release|Any CPU.ActiveCfg = Release|Any CPU
		{347CEFEA-8313-49BB-98D0-CA283F424322}.Release|Any CPU.Build.0 = Release|Any CPU
	EndGlobalSection
EndGlobal
